
Microsoft Visual Studio Solution File, Format Version 12.00
# Visual Studio Version 17
VisualStudioVersion = 17.4.33213.308
MinimumVisualStudioVersion = 10.0.40219.1
Project("{FAE04EC0-301F-11D3-BF4B-00C04F79EFBC}") = "Oblig4Hotell", "Oblig4Hotell\Oblig4Hotell.csproj", "{51A2AF46-49C7-4AD8-AD06-85F3A8C676AE}"
EndProject
Global
	GlobalSection(SolutionConfigurationPlatforms) = preSolution
		Debug|Any CPU = Debug|Any CPU
		Release|Any CPU = Release|Any CPU
	EndGlobalSection
	GlobalSection(ProjectConfigurationPlatforms) = postSolution
		{51A2AF46-49C7-4AD8-AD06-85F3A8C676AE}.Debug|Any CPU.ActiveCfg = Debug|Any CPU
		{51A2AF46-49C7-4AD8-AD06-85F3A8C676AE}.Debug|Any CPU.Build.0 = Debug|Any CPU
		{51A2AF46-49C7-4AD8-AD06-85F3A8C676AE}.Release|Any CPU.ActiveCfg = Release|Any CPU
		{51A2AF46-49C7-4AD8-AD06-85F3A8C676AE}.Release|Any CPU.Build.0 = Release|Any CPU
	EndGlobalSection
	GlobalSection(SolutionProperties) = preSolution
		HideSolutionNode = FALSE
	EndGlobalSection
	GlobalSection(ExtensibilityGlobals) = postSolution
		SolutionGuid = {BA27BD66-79DA-43B3-B542-00E12551D4ED}
	EndGlobalSection
EndGlobal
